
Microsoft Visual Studio Solution File, Format Version 12.00
# Visual Studio Version 16
VisualStudioVersion = 16.0.30114.105
MinimumVisualStudioVersion = 10.0.40219.1
Project("{FAE04EC0-301F-11D3-BF4B-00C04F79EFBC}") = "Music Player", "Music Player\Music Player.csproj", "{FA1052DA-9A4B-4334-98AE-923967817646}"
EndProject
Global
	GlobalSection(SolutionConfigurationPlatforms) = preSolution
		Debug|Any CPU = Debug|Any CPU
		Release|Any CPU = Release|Any CPU
	EndGlobalSection
	GlobalSection(ProjectConfigurationPlatforms) = postSolution
		{FA1052DA-9A4B-4334-98AE-923967817646}.Debug|Any CPU.ActiveCfg = Debug|Any CPU
		{FA1052DA-9A4B-4334-98AE-923967817646}.Debug|Any CPU.Build.0 = Debug|Any CPU
		{FA1052DA-9A4B-4334-98AE-923967817646}.Release|Any CPU.ActiveCfg = Release|Any CPU
		{FA1052DA-9A4B-4334-98AE-923967817646}.Release|Any CPU.Build.0 = Release|Any CPU
	EndGlobalSection
	GlobalSection(SolutionProperties) = preSolution
		HideSolutionNode = FALSE
	EndGlobalSection
	GlobalSection(ExtensibilityGlobals) = postSolution
		SolutionGuid = {45762F96-29AC-47A2-B8F7-CFF5A30C0B81}
	EndGlobalSection
EndGlobal
